// !$*UTF8*$!
{
	archiveVersion = 1;
	classes = {
	};
	objectVersion = 56;
	objects = {

/* Begin PBXBuildFile section */
		F12A56F92B890D56008631AF /* AppDelegate.swift in Sources */ = {isa = PBXBuildFile; fileRef = F12A56F82B890D56008631AF /* AppDelegate.swift */; };
		F12A56FD2B890D56008631AF /* ExchangeViewController.swift in Sources */ = {isa = PBXBuildFile; fileRef = F12A56FC2B890D56008631AF /* ExchangeViewController.swift */; };
		F12A57022B890D57008631AF /* Assets.xcassets in Resources */ = {isa = PBXBuildFile; fileRef = F12A57012B890D57008631AF /* Assets.xcassets */; };
		F12A57052B890D57008631AF /* LaunchScreen.storyboard in Resources */ = {isa = PBXBuildFile; fileRef = F12A57032B890D57008631AF /* LaunchScreen.storyboard */; };
		F12A570D2B890E66008631AF /* SceneDelegate.swift in Sources */ = {isa = PBXBuildFile; fileRef = F12A570C2B890E66008631AF /* SceneDelegate.swift */; };
		F12A57102B89275D008631AF /* ExchangeView.swift in Sources */ = {isa = PBXBuildFile; fileRef = F12A570F2B89275D008631AF /* ExchangeView.swift */; };
		F12A57132B892A95008631AF /* SnapKit in Frameworks */ = {isa = PBXBuildFile; productRef = F12A57122B892A95008631AF /* SnapKit */; };
		F12A57152B892A95008631AF /* SnapKit-Dynamic in Frameworks */ = {isa = PBXBuildFile; productRef = F12A57142B892A95008631AF /* SnapKit-Dynamic */; };
		F12A574F2B8E8C71008631AF /* NetworkManager.swift in Sources */ = {isa = PBXBuildFile; fileRef = F12A574E2B8E8C70008631AF /* NetworkManager.swift */; };
		F12A57522B8E90C4008631AF /* ConvertModel.swift in Sources */ = {isa = PBXBuildFile; fileRef = F12A57512B8E90C4008631AF /* ConvertModel.swift */; };
		F16D4B402B8F906000E20069 /* ViewModel.swift in Sources */ = {isa = PBXBuildFile; fileRef = F16D4B3F2B8F906000E20069 /* ViewModel.swift */; };
		F16D4B422B93C44B00E20069 /* AbbreviationsModel.swift in Sources */ = {isa = PBXBuildFile; fileRef = F16D4B412B93C44B00E20069 /* AbbreviationsModel.swift */; };
		F16D4B462B94ADDA00E20069 /* Currency ListViewController.swift in Sources */ = {isa = PBXBuildFile; fileRef = F16D4B452B94ADDA00E20069 /* Currency ListViewController.swift */; };
		F16D4B482B94ADF800E20069 /* Currency ListView.swift in Sources */ = {isa = PBXBuildFile; fileRef = F16D4B472B94ADF800E20069 /* Currency ListView.swift */; };
/* End PBXBuildFile section */

/* Begin PBXFileReference section */
		F12A56F52B890D56008631AF /* CurrencyApp.app */ = {isa = PBXFileReference; explicitFileType = wrapper.application; includeInIndex = 0; path = CurrencyApp.app; sourceTree = BUILT_PRODUCTS_DIR; };
		F12A56F82B890D56008631AF /* AppDelegate.swift */ = {isa = PBXFileReference; lastKnownFileType = sourcecode.swift; path = AppDelegate.swift; sourceTree = "<group>"; };
		F12A56FC2B890D56008631AF /* ExchangeViewController.swift */ = {isa = PBXFileReference; lastKnownFileType = sourcecode.swift; path = ExchangeViewController.swift; sourceTree = "<group>"; };
		F12A57012B890D57008631AF /* Assets.xcassets */ = {isa = PBXFileReference; lastKnownFileType = folder.assetcatalog; path = Assets.xcassets; sourceTree = "<group>"; };
		F12A57042B890D57008631AF /* Base */ = {isa = PBXFileReference; lastKnownFileType = file.storyboard; name = Base; path = Base.lproj/LaunchScreen.storyboard; sourceTree = "<group>"; };
		F12A57062B890D57008631AF /* Info.plist */ = {isa = PBXFileReference; lastKnownFileType = text.plist.xml; path = Info.plist; sourceTree = "<group>"; };
		F12A570C2B890E66008631AF /* SceneDelegate.swift */ = {isa = PBXFileReference; fileEncoding = 4; lastKnownFileType = sourcecode.swift; path = SceneDelegate.swift; sourceTree = "<group>"; };
		F12A570F2B89275D008631AF /* ExchangeView.swift */ = {isa = PBXFileReference; lastKnownFileType = sourcecode.swift; path = ExchangeView.swift; sourceTree = "<group>"; };
		F12A574E2B8E8C70008631AF /* NetworkManager.swift */ = {isa = PBXFileReference; lastKnownFileType = sourcecode.swift; path = NetworkManager.swift; sourceTree = "<group>"; };
		F12A57512B8E90C4008631AF /* ConvertModel.swift */ = {isa = PBXFileReference; lastKnownFileType = sourcecode.swift; path = ConvertModel.swift; sourceTree = "<group>"; };
		F16D4B3F2B8F906000E20069 /* ViewModel.swift */ = {isa = PBXFileReference; lastKnownFileType = sourcecode.swift; path = ViewModel.swift; sourceTree = "<group>"; };
		F16D4B412B93C44B00E20069 /* AbbreviationsModel.swift */ = {isa = PBXFileReference; lastKnownFileType = sourcecode.swift; path = AbbreviationsModel.swift; sourceTree = "<group>"; };
		F16D4B452B94ADDA00E20069 /* Currency ListViewController.swift */ = {isa = PBXFileReference; lastKnownFileType = sourcecode.swift; path = "Currency ListViewController.swift"; sourceTree = "<group>"; };
		F16D4B472B94ADF800E20069 /* Currency ListView.swift */ = {isa = PBXFileReference; lastKnownFileType = sourcecode.swift; path = "Currency ListView.swift"; sourceTree = "<group>"; };
/* End PBXFileReference section */

/* Begin PBXFrameworksBuildPhase section */
		F12A56F22B890D56008631AF /* Frameworks */ = {
			isa = PBXFrameworksBuildPhase;
			buildActionMask = 2147483647;
			files = (
				F12A57132B892A95008631AF /* SnapKit in Frameworks */,
				F12A57152B892A95008631AF /* SnapKit-Dynamic in Frameworks */,
			);
			runOnlyForDeploymentPostprocessing = 0;
		};
/* End PBXFrameworksBuildPhase section */

/* Begin PBXGroup section */
		F12A56EC2B890D56008631AF = {
			isa = PBXGroup;
			children = (
				F12A56F72B890D56008631AF /* CurrencyApp */,
				F12A56F62B890D56008631AF /* Products */,
			);
			sourceTree = "<group>";
		};
		F12A56F62B890D56008631AF /* Products */ = {
			isa = PBXGroup;
			children = (
				F12A56F52B890D56008631AF /* CurrencyApp.app */,
			);
			name = Products;
			sourceTree = "<group>";
		};
		F12A56F72B890D56008631AF /* CurrencyApp */ = {
			isa = PBXGroup;
			children = (
				F12A571C2B8935A9008631AF /* Model */,
				F12A570E2B89271D008631AF /* View */,
				F16D4B3E2B8F904400E20069 /* ViewModel */,
				F12A574D2B8E80E9008631AF /* Network Manager */,
				F12A56F82B890D56008631AF /* AppDelegate.swift */,
				F12A570C2B890E66008631AF /* SceneDelegate.swift */,
				F12A57012B890D57008631AF /* Assets.xcassets */,
				F12A57032B890D57008631AF /* LaunchScreen.storyboard */,
				F12A57062B890D57008631AF /* Info.plist */,
			);
			path = CurrencyApp;
			sourceTree = "<group>";
		};
		F12A570E2B89271D008631AF /* View */ = {
			isa = PBXGroup;
			children = (
				F16D4B432B94AC5700E20069 /* View1 */,
				F16D4B442B94AC8E00E20069 /* View2 */,
			);
			path = View;
			sourceTree = "<group>";
		};
		F12A571C2B8935A9008631AF /* Model */ = {
			isa = PBXGroup;
			children = (
				F12A57512B8E90C4008631AF /* ConvertModel.swift */,
				F16D4B412B93C44B00E20069 /* AbbreviationsModel.swift */,
			);
			path = Model;
			sourceTree = "<group>";
		};
		F12A574D2B8E80E9008631AF /* Network Manager */ = {
			isa = PBXGroup;
			children = (
				F12A574E2B8E8C70008631AF /* NetworkManager.swift */,
			);
			path = "Network Manager";
			sourceTree = "<group>";
		};
		F16D4B3E2B8F904400E20069 /* ViewModel */ = {
			isa = PBXGroup;
			children = (
				F16D4B3F2B8F906000E20069 /* ViewModel.swift */,
			);
			path = ViewModel;
			sourceTree = "<group>";
		};
		F16D4B432B94AC5700E20069 /* View1 */ = {
			isa = PBXGroup;
			children = (
				F12A56FC2B890D56008631AF /* ExchangeViewController.swift */,
				F12A570F2B89275D008631AF /* ExchangeView.swift */,
			);
			path = View1;
			sourceTree = "<group>";
		};
		F16D4B442B94AC8E00E20069 /* View2 */ = {
			isa = PBXGroup;
			children = (
				F16D4B452B94ADDA00E20069 /* Currency ListViewController.swift */,
				F16D4B472B94ADF800E20069 /* Currency ListView.swift */,
			);
			path = View2;
			sourceTree = "<group>";
		};
/* End PBXGroup section */

/* Begin PBXNativeTarget section */
		F12A56F42B890D56008631AF /* CurrencyApp */ = {
			isa = PBXNativeTarget;
			buildConfigurationList = F12A57092B890D57008631AF /* Build configuration list for PBXNativeTarget "CurrencyApp" */;
			buildPhases = (
				F12A56F12B890D56008631AF /* Sources */,
				F12A56F22B890D56008631AF /* Frameworks */,
				F12A56F32B890D56008631AF /* Resources */,
			);
			buildRules = (
			);
			dependencies = (
			);
			name = CurrencyApp;
			packageProductDependencies = (
				F12A57122B892A95008631AF /* SnapKit */,
				F12A57142B892A95008631AF /* SnapKit-Dynamic */,
			);
			productName = CurrencyApp;
			productReference = F12A56F52B890D56008631AF /* CurrencyApp.app */;
			productType = "com.apple.product-type.application";
		};
/* End PBXNativeTarget section */

/* Begin PBXProject section */
		F12A56ED2B890D56008631AF /* Project object */ = {
			isa = PBXProject;
			attributes = {
				BuildIndependentTargetsInParallel = 1;
				LastSwiftUpdateCheck = 1520;
				LastUpgradeCheck = 1520;
				TargetAttributes = {
					F12A56F42B890D56008631AF = {
						CreatedOnToolsVersion = 15.2;
					};
				};
			};
			buildConfigurationList = F12A56F02B890D56008631AF /* Build configuration list for PBXProject "CurrencyApp" */;
			compatibilityVersion = "Xcode 14.0";
			developmentRegion = en;
			hasScannedForEncodings = 0;
			knownRegions = (
				en,
				Base,
			);
			mainGroup = F12A56EC2B890D56008631AF;
			packageReferences = (
				F12A57112B892A95008631AF /* XCRemoteSwiftPackageReference "SnapKit" */,
			);
			productRefGroup = F12A56F62B890D56008631AF /* Products */;
			projectDirPath = "";
			projectRoot = "";
			targets = (
				F12A56F42B890D56008631AF /* CurrencyApp */,
			);
		};
/* End PBXProject section */

/* Begin PBXResourcesBuildPhase section */
		F12A56F32B890D56008631AF /* Resources */ = {
			isa = PBXResourcesBuildPhase;
			buildActionMask = 2147483647;
			files = (
				F12A57052B890D57008631AF /* LaunchScreen.storyboard in Resources */,
				F12A57022B890D57008631AF /* Assets.xcassets in Resources */,
			);
			runOnlyForDeploymentPostprocessing = 0;
		};
/* End PBXResourcesBuildPhase section */

/* Begin PBXSourcesBuildPhase section */
		F12A56F12B890D56008631AF /* Sources */ = {
			isa = PBXSourcesBuildPhase;
			buildActionMask = 2147483647;
			files = (
				F12A56FD2B890D56008631AF /* ExchangeViewController.swift in Sources */,
				F16D4B462B94ADDA00E20069 /* Currency ListViewController.swift in Sources */,
				F12A57522B8E90C4008631AF /* ConvertModel.swift in Sources */,
				F12A56F92B890D56008631AF /* AppDelegate.swift in Sources */,
				F12A574F2B8E8C71008631AF /* NetworkManager.swift in Sources */,
				F12A570D2B890E66008631AF /* SceneDelegate.swift in Sources */,
				F16D4B482B94ADF800E20069 /* Currency ListView.swift in Sources */,
				F16D4B422B93C44B00E20069 /* AbbreviationsModel.swift in Sources */,
				F12A57102B89275D008631AF /* ExchangeView.swift in Sources */,
				F16D4B402B8F906000E20069 /* ViewModel.swift in Sources */,
			);
			runOnlyForDeploymentPostprocessing = 0;
		};
/* End PBXSourcesBuildPhase section */

/* Begin PBXVariantGroup section */
		F12A57032B890D57008631AF /* LaunchScreen.storyboard */ = {
			isa = PBXVariantGroup;
			children = (
				F12A57042B890D57008631AF /* Base */,
			);
			name = LaunchScreen.storyboard;
			sourceTree = "<group>";
		};
/* End PBXVariantGroup section */

/* Begin XCBuildConfiguration section */
		F12A57072B890D57008631AF /* Debug */ = {
			isa = XCBuildConfiguration;
			buildSettings = {
				ALWAYS_SEARCH_USER_PATHS = NO;
				ASSETCATALOG_COMPILER_GENERATE_SWIFT_ASSET_SYMBOL_EXTENSIONS = YES;
				CLANG_ANALYZER_NONNULL = YES;
				CLANG_ANALYZER_NUMBER_OBJECT_CONVERSION = YES_AGGRESSIVE;
				CLANG_CXX_LANGUAGE_STANDARD = "gnu++20";
				CLANG_ENABLE_MODULES = YES;
				CLANG_ENABLE_OBJC_ARC = YES;
				CLANG_ENABLE_OBJC_WEAK = YES;
				CLANG_WARN_BLOCK_CAPTURE_AUTORELEASING = YES;
				CLANG_WARN_BOOL_CONVERSION = YES;
				CLANG_WARN_COMMA = YES;
				CLANG_WARN_CONSTANT_CONVERSION = YES;
				CLANG_WARN_DEPRECATED_OBJC_IMPLEMENTATIONS = YES;
				CLANG_WARN_DIRECT_OBJC_ISA_USAGE = YES_ERROR;
				CLANG_WARN_DOCUMENTATION_COMMENTS = YES;
				CLANG_WARN_EMPTY_BODY = YES;
				CLANG_WARN_ENUM_CONVERSION = YES;
				CLANG_WARN_INFINITE_RECURSION = YES;
				CLANG_WARN_INT_CONVERSION = YES;
				CLANG_WARN_NON_LITERAL_NULL_CONVERSION = YES;
				CLANG_WARN_OBJC_IMPLICIT_RETAIN_SELF = YES;
				CLANG_WARN_OBJC_LITERAL_CONVERSION = YES;
				CLANG_WARN_OBJC_ROOT_CLASS = YES_ERROR;
				CLANG_WARN_QUOTED_INCLUDE_IN_FRAMEWORK_HEADER = YES;
				CLANG_WARN_RANGE_LOOP_ANALYSIS = YES;
				CLANG_WARN_STRICT_PROTOTYPES = YES;
				CLANG_WARN_SUSPICIOUS_MOVE = YES;
				CLANG_WARN_UNGUARDED_AVAILABILITY = YES_AGGRESSIVE;
				CLANG_WARN_UNREACHABLE_CODE = YES;
				CLANG_WARN__DUPLICATE_METHOD_MATCH = YES;
				COPY_PHASE_STRIP = NO;
				DEBUG_INFORMATION_FORMAT = dwarf;
				ENABLE_STRICT_OBJC_MSGSEND = YES;
				ENABLE_TESTABILITY = YES;
				ENABLE_USER_SCRIPT_SANDBOXING = YES;
				GCC_C_LANGUAGE_STANDARD = gnu17;
				GCC_DYNAMIC_NO_PIC = NO;
				GCC_NO_COMMON_BLOCKS = YES;
				GCC_OPTIMIZATION_LEVEL = 0;
				GCC_PREPROCESSOR_DEFINITIONS = (
					"DEBUG=1",
					"$(inherited)",
				);
				GCC_WARN_64_TO_32_BIT_CONVERSION = YES;
				GCC_WARN_ABOUT_RETURN_TYPE = YES_ERROR;
				GCC_WARN_UNDECLARED_SELECTOR = YES;
				GCC_WARN_UNINITIALIZED_AUTOS = YES_AGGRESSIVE;
				GCC_WARN_UNUSED_FUNCTION = YES;
				GCC_WARN_UNUSED_VARIABLE = YES;
				IPHONEOS_DEPLOYMENT_TARGET = 17.2;
				LOCALIZATION_PREFERS_STRING_CATALOGS = YES;
				MTL_ENABLE_DEBUG_INFO = INCLUDE_SOURCE;
				MTL_FAST_MATH = YES;
				ONLY_ACTIVE_ARCH = YES;
				SDKROOT = iphoneos;
				SWIFT_ACTIVE_COMPILATION_CONDITIONS = "DEBUG $(inherited)";
				SWIFT_OPTIMIZATION_LEVEL = "-Onone";
			};
			name = Debug;
		};
		F12A57082B890D57008631AF /* Release */ = {
			isa = XCBuildConfiguration;
			buildSettings = {
				ALWAYS_SEARCH_USER_PATHS = NO;
				ASSETCATALOG_COMPILER_GENERATE_SWIFT_ASSET_SYMBOL_EXTENSIONS = YES;
				CLANG_ANALYZER_NONNULL = YES;
				CLANG_ANALYZER_NUMBER_OBJECT_CONVERSION = YES_AGGRESSIVE;
				CLANG_CXX_LANGUAGE_STANDARD = "gnu++20";
				CLANG_ENABLE_MODULES = YES;
				CLANG_ENABLE_OBJC_ARC = YES;
				CLANG_ENABLE_OBJC_WEAK = YES;
				CLANG_WARN_BLOCK_CAPTURE_AUTORELEASING = YES;
				CLANG_WARN_BOOL_CONVERSION = YES;
				CLANG_WARN_COMMA = YES;
				CLANG_WARN_CONSTANT_CONVERSION = YES;
				CLANG_WARN_DEPRECATED_OBJC_IMPLEMENTATIONS = YES;
				CLANG_WARN_DIRECT_OBJC_ISA_USAGE = YES_ERROR;
				CLANG_WARN_DOCUMENTATION_COMMENTS = YES;
				CLANG_WARN_EMPTY_BODY = YES;
				CLANG_WARN_ENUM_CONVERSION = YES;
				CLANG_WARN_INFINITE_RECURSION = YES;
				CLANG_WARN_INT_CONVERSION = YES;
				CLANG_WARN_NON_LITERAL_NULL_CONVERSION = YES;
				CLANG_WARN_OBJC_IMPLICIT_RETAIN_SELF = YES;
				CLANG_WARN_OBJC_LITERAL_CONVERSION = YES;
				CLANG_WARN_OBJC_ROOT_CLASS = YES_ERROR;
				CLANG_WARN_QUOTED_INCLUDE_IN_FRAMEWORK_HEADER = YES;
				CLANG_WARN_RANGE_LOOP_ANALYSIS = YES;
				CLANG_WARN_STRICT_PROTOTYPES = YES;
				CLANG_WARN_SUSPICIOUS_MOVE = YES;
				CLANG_WARN_UNGUARDED_AVAILABILITY = YES_AGGRESSIVE;
				CLANG_WARN_UNREACHABLE_CODE = YES;
				CLANG_WARN__DUPLICATE_METHOD_MATCH = YES;
				COPY_PHASE_STRIP = NO;
				DEBUG_INFORMATION_FORMAT = "dwarf-with-dsym";
				ENABLE_NS_ASSERTIONS = NO;
				ENABLE_STRICT_OBJC_MSGSEND = YES;
				ENABLE_USER_SCRIPT_SANDBOXING = YES;
				GCC_C_LANGUAGE_STANDARD = gnu17;
				GCC_NO_COMMON_BLOCKS = YES;
				GCC_WARN_64_TO_32_BIT_CONVERSION = YES;
				GCC_WARN_ABOUT_RETURN_TYPE = YES_ERROR;
				GCC_WARN_UNDECLARED_SELECTOR = YES;
				GCC_WARN_UNINITIALIZED_AUTOS = YES_AGGRESSIVE;
				GCC_WARN_UNUSED_FUNCTION = YES;
				GCC_WARN_UNUSED_VARIABLE = YES;
				IPHONEOS_DEPLOYMENT_TARGET = 17.2;
				LOCALIZATION_PREFERS_STRING_CATALOGS = YES;
				MTL_ENABLE_DEBUG_INFO = NO;
				MTL_FAST_MATH = YES;
				SDKROOT = iphoneos;
				SWIFT_COMPILATION_MODE = wholemodule;
				VALIDATE_PRODUCT = YES;
			};
			name = Release;
		};
		F12A570A2B890D57008631AF /* Debug */ = {
			isa = XCBuildConfiguration;
			buildSettings = {
				ASSETCATALOG_COMPILER_APPICON_NAME = AppIcon;
				ASSETCATALOG_COMPILER_GLOBAL_ACCENT_COLOR_NAME = AccentColor;
				CODE_SIGN_STYLE = Automatic;
				CURRENT_PROJECT_VERSION = 1;
				DEVELOPMENT_TEAM = S384TNP4Y3;
				GENERATE_INFOPLIST_FILE = YES;
				INFOPLIST_FILE = CurrencyApp/Info.plist;
				INFOPLIST_KEY_UIApplicationSupportsIndirectInputEvents = YES;
				INFOPLIST_KEY_UILaunchStoryboardName = LaunchScreen;
				INFOPLIST_KEY_UISupportedInterfaceOrientations_iPad = "UIInterfaceOrientationPortrait UIInterfaceOrientationPortraitUpsideDown UIInterfaceOrientationLandscapeLeft UIInterfaceOrientationLandscapeRight";
				INFOPLIST_KEY_UISupportedInterfaceOrientations_iPhone = "UIInterfaceOrientationPortrait UIInterfaceOrientationLandscapeLeft UIInterfaceOrientationLandscapeRight";
				LD_RUNPATH_SEARCH_PATHS = (
					"$(inherited)",
					"@executable_path/Frameworks",
				);
				MARKETING_VERSION = 1.0;
				PRODUCT_BUNDLE_IDENTIFIER = com.IgorPachkin.CurrencyApp;
				PRODUCT_NAME = "$(TARGET_NAME)";
				SWIFT_EMIT_LOC_STRINGS = YES;
				SWIFT_VERSION = 5.0;
				TARGETED_DEVICE_FAMILY = "1,2";
			};
			name = Debug;
		};
		F12A570B2B890D57008631AF /* Release */ = {
			isa = XCBuildConfiguration;
			buildSettings = {
				ASSETCATALOG_COMPILER_APPICON_NAME = AppIcon;
				ASSETCATALOG_COMPILER_GLOBAL_ACCENT_COLOR_NAME = AccentColor;
				CODE_SIGN_STYLE = Automatic;
				CURRENT_PROJECT_VERSION = 1;
				DEVELOPMENT_TEAM = S384TNP4Y3;
				GENERATE_INFOPLIST_FILE = YES;
				INFOPLIST_FILE = CurrencyApp/Info.plist;
				INFOPLIST_KEY_UIApplicationSupportsIndirectInputEvents = YES;
				INFOPLIST_KEY_UILaunchStoryboardName = LaunchScreen;
				INFOPLIST_KEY_UISupportedInterfaceOrientations_iPad = "UIInterfaceOrientationPortrait UIInterfaceOrientationPortraitUpsideDown UIInterfaceOrientationLandscapeLeft UIInterfaceOrientationLandscapeRight";
				INFOPLIST_KEY_UISupportedInterfaceOrientations_iPhone = "UIInterfaceOrientationPortrait UIInterfaceOrientationLandscapeLeft UIInterfaceOrientationLandscapeRight";
				LD_RUNPATH_SEARCH_PATHS = (
					"$(inherited)",
					"@executable_path/Frameworks",
				);
				MARKETING_VERSION = 1.0;
				PRODUCT_BUNDLE_IDENTIFIER = com.IgorPachkin.CurrencyApp;
				PRODUCT_NAME = "$(TARGET_NAME)";
				SWIFT_EMIT_LOC_STRINGS = YES;
				SWIFT_VERSION = 5.0;
				TARGETED_DEVICE_FAMILY = "1,2";
			};
			name = Release;
		};
/* End XCBuildConfiguration section */

/* Begin XCConfigurationList section */
		F12A56F02B890D56008631AF /* Build configuration list for PBXProject "CurrencyApp" */ = {
			isa = XCConfigurationList;
			buildConfigurations = (
				F12A57072B890D57008631AF /* Debug */,
				F12A57082B890D57008631AF /* Release */,
			);
			defaultConfigurationIsVisible = 0;
			defaultConfigurationName = Release;
		};
		F12A57092B890D57008631AF /* Build configuration list for PBXNativeTarget "CurrencyApp" */ = {
			isa = XCConfigurationList;
			buildConfigurations = (
				F12A570A2B890D57008631AF /* Debug */,
				F12A570B2B890D57008631AF /* Release */,
			);
			defaultConfigurationIsVisible = 0;
			defaultConfigurationName = Release;
		};
/* End XCConfigurationList section */

/* Begin XCRemoteSwiftPackageReference section */
		F12A57112B892A95008631AF /* XCRemoteSwiftPackageReference "SnapKit" */ = {
			isa = XCRemoteSwiftPackageReference;
			repositoryURL = "https://github.com/SnapKit/SnapKit";
			requirement = {
				kind = upToNextMajorVersion;
				minimumVersion = 5.7.1;
			};
		};
/* End XCRemoteSwiftPackageReference section */

/* Begin XCSwiftPackageProductDependency section */
		F12A57122B892A95008631AF /* SnapKit */ = {
			isa = XCSwiftPackageProductDependency;
			package = F12A57112B892A95008631AF /* XCRemoteSwiftPackageReference "SnapKit" */;
			productName = SnapKit;
		};
		F12A57142B892A95008631AF /* SnapKit-Dynamic */ = {
			isa = XCSwiftPackageProductDependency;
			package = F12A57112B892A95008631AF /* XCRemoteSwiftPackageReference "SnapKit" */;
			productName = "SnapKit-Dynamic";
		};
/* End XCSwiftPackageProductDependency section */
	};
	rootObject = F12A56ED2B890D56008631AF /* Project object */;
}
